PODS:
  - Dip (7.1.1)
  - R.swift (5.2.2):
    - R.swift.Library (~> 5.2.0)
  - R.swift.Library (5.2.0)
  - Realm (5.5.0):
    - Realm/Headers (= 5.5.0)
  - Realm/Headers (5.5.0)
  - RealmSwift (5.5.0):
    - Realm (= 5.5.0)
  - TinyConstraints (4.0.1)

DEPENDENCIES:
  - Dip
  - R.swift
  - RealmSwift
  - TinyConstraints

SPEC REPOS:
  https://github.com/CocoaPods/Specs.git:
    - Dip
    - R.swift
    - R.swift.Library
    - Realm
    - RealmSwift
    - TinyConstraints

SPEC CHECKSUMS:
  Dip: 6bebb09d50f88633039ce2c9fe5bc56d387b492f
  R.swift: 7c52cdc57a66840ffe6cbd8a823d732059d42a32
  R.swift.Library: 5ba4f1631300caf9a4d890186930da85d540769d
  Realm: fb399d76f44042e5cdfc630f33828fdb4d077345
  RealmSwift: 3b7e62356207ef16d34de4e55d475163bd2062bb
  TinyConstraints: 8dd91295e56797648c7bc335dd20e1d91ec4c192

PODFILE CHECKSUM: 7dae611c515c85775b36de6c3a385d015507ef50

COCOAPODS: 1.9.3
